
Microsoft Visual Studio Solution File, Format Version 12.00
# Visual Studio Version 16
VisualStudioVersion = 16.0.32802.440
MinimumVisualStudioVersion = 10.0.40219.1
Project("{8BC9CEB8-8B4A-11D0-8D11-00A0C91BC942}") = "Process", "Process\Process.vcxproj", "{EE2E04B0-7CD3-47FD-ABD5-E917E376433B}"
EndProject
Project("{8BC9CEB8-8B4A-11D0-8D11-00A0C91BC942}") = "Handle", "Handle\Handle.vcxproj", "{AE620239-0FB0-4EC0-A681-3444FA9B24CD}"
EndProject
Project("{8BC9CEB8-8B4A-11D0-8D11-00A0C91BC942}") = "Hook", "Hook\Hook.vcxproj", "{2237D7E4-E7A7-4862-AF92-3E1391227B2F}"
EndProject
Project("{8BC9CEB8-8B4A-11D0-8D11-00A0C91BC942}") = "Inject", "Inject\Inject.vcxproj", "{FE27B9BA-FF11-4FCB-BF4E-CC44E5DF1A4E}"
EndProject
Project("{8BC9CEB8-8B4A-11D0-8D11-00A0C91BC942}") = "Module", "Module\Module.vcxproj", "{DE125247-A028-45C9-A77F-19C91DE5AEA7}"
EndProject
Project("{8BC9CEB8-8B4A-11D0-8D11-00A0C91BC942}") = "Memory", "Memory\Memory.vcxproj", "{FCED9FCF-876D-4D43-97C3-5FC4A8E64F6F}"
EndProject
Global
	GlobalSection(SolutionConfigurationPlatforms) = preSolution
		Debug|x64 = Debug|x64
		Debug|x86 = Debug|x86
		Release|x64 = Release|x64
		Release|x86 = Release|x86
	EndGlobalSection
	GlobalSection(ProjectConfigurationPlatforms) = postSolution
		{EE2E04B0-7CD3-47FD-ABD5-E917E376433B}.Debug|x64.ActiveCfg = Debug|x64
		{EE2E04B0-7CD3-47FD-ABD5-E917E376433B}.Debug|x64.Build.0 = Debug|x64
		{EE2E04B0-7CD3-47FD-ABD5-E917E376433B}.Debug|x86.ActiveCfg = Debug|Win32
		{EE2E04B0-7CD3-47FD-ABD5-E917E376433B}.Debug|x86.Build.0 = Debug|Win32
		{EE2E04B0-7CD3-47FD-ABD5-E917E376433B}.Release|x64.ActiveCfg = Release|x64
		{EE2E04B0-7CD3-47FD-ABD5-E917E376433B}.Release|x64.Build.0 = Release|x64
		{EE2E04B0-7CD3-47FD-ABD5-E917E376433B}.Release|x86.ActiveCfg = Release|Win32
		{EE2E04B0-7CD3-47FD-ABD5-E917E376433B}.Release|x86.Build.0 = Release|Win32
		{AE620239-0FB0-4EC0-A681-3444FA9B24CD}.Debug|x64.ActiveCfg = Debug|x64
		{AE620239-0FB0-4EC0-A681-3444FA9B24CD}.Debug|x64.Build.0 = Debug|x64
		{AE620239-0FB0-4EC0-A681-3444FA9B24CD}.Debug|x86.ActiveCfg = Debug|Win32
		{AE620239-0FB0-4EC0-A681-3444FA9B24CD}.Debug|x86.Build.0 = Debug|Win32
		{AE620239-0FB0-4EC0-A681-3444FA9B24CD}.Release|x64.ActiveCfg = Release|x64
		{AE620239-0FB0-4EC0-A681-3444FA9B24CD}.Release|x64.Build.0 = Release|x64
		{AE620239-0FB0-4EC0-A681-3444FA9B24CD}.Release|x86.ActiveCfg = Release|Win32
		{AE620239-0FB0-4EC0-A681-3444FA9B24CD}.Release|x86.Build.0 = Release|Win32
		{2237D7E4-E7A7-4862-AF92-3E1391227B2F}.Debug|x64.ActiveCfg = Debug|x64
		{2237D7E4-E7A7-4862-AF92-3E1391227B2F}.Debug|x64.Build.0 = Debug|x64
		{2237D7E4-E7A7-4862-AF92-3E1391227B2F}.Debug|x86.ActiveCfg = Debug|Win32
		{2237D7E4-E7A7-4862-AF92-3E1391227B2F}.Debug|x86.Build.0 = Debug|Win32
		{2237D7E4-E7A7-4862-AF92-3E1391227B2F}.Release|x64.ActiveCfg = Release|x64
		{2237D7E4-E7A7-4862-AF92-3E1391227B2F}.Release|x64.Build.0 = Release|x64
		{2237D7E4-E7A7-4862-AF92-3E1391227B2F}.Release|x86.ActiveCfg = Release|Win32
		{2237D7E4-E7A7-4862-AF92-3E1391227B2F}.Release|x86.Build.0 = Release|Win32
		{FE27B9BA-FF11-4FCB-BF4E-CC44E5DF1A4E}.Debug|x64.ActiveCfg = Debug|x64
		{FE27B9BA-FF11-4FCB-BF4E-CC44E5DF1A4E}.Debug|x64.Build.0 = Debug|x64
		{FE27B9BA-FF11-4FCB-BF4E-CC44E5DF1A4E}.Debug|x86.ActiveCfg = Debug|Win32
		{FE27B9BA-FF11-4FCB-BF4E-CC44E5DF1A4E}.Debug|x86.Build.0 = Debug|Win32
		{FE27B9BA-FF11-4FCB-BF4E-CC44E5DF1A4E}.Release|x64.ActiveCfg = Release|x64
		{FE27B9BA-FF11-4FCB-BF4E-CC44E5DF1A4E}.Release|x64.Build.0 = Release|x64
		{FE27B9BA-FF11-4FCB-BF4E-CC44E5DF1A4E}.Release|x86.ActiveCfg = Release|Win32
		{FE27B9BA-FF11-4FCB-BF4E-CC44E5DF1A4E}.Release|x86.Build.0 = Release|Win32
		{DE125247-A028-45C9-A77F-19C91DE5AEA7}.Debug|x64.ActiveCfg = Debug|x64
		{DE125247-A028-45C9-A77F-19C91DE5AEA7}.Debug|x64.Build.0 = Debug|x64
		{DE125247-A028-45C9-A77F-19C91DE5AEA7}.Debug|x86.ActiveCfg = Debug|Win32
		{DE125247-A028-45C9-A77F-19C91DE5AEA7}.Debug|x86.Build.0 = Debug|Win32
		{DE125247-A028-45C9-A77F-19C91DE5AEA7}.Release|x64.ActiveCfg = Release|x64
		{DE125247-A028-45C9-A77F-19C91DE5AEA7}.Release|x64.Build.0 = Release|x64
		{DE125247-A028-45C9-A77F-19C91DE5AEA7}.Release|x86.ActiveCfg = Release|Win32
		{DE125247-A028-45C9-A77F-19C91DE5AEA7}.Release|x86.Build.0 = Release|Win32
		{FCED9FCF-876D-4D43-97C3-5FC4A8E64F6F}.Debug|x64.ActiveCfg = Debug|x64
		{FCED9FCF-876D-4D43-97C3-5FC4A8E64F6F}.Debug|x64.Build.0 = Debug|x64
		{FCED9FCF-876D-4D43-97C3-5FC4A8E64F6F}.Debug|x86.ActiveCfg = Debug|Win32
		{FCED9FCF-876D-4D43-97C3-5FC4A8E64F6F}.Debug|x86.Build.0 = Debug|Win32
		{FCED9FCF-876D-4D43-97C3-5FC4A8E64F6F}.Release|x64.ActiveCfg = Release|x64
		{FCED9FCF-876D-4D43-97C3-5FC4A8E64F6F}.Release|x64.Build.0 = Release|x64
		{FCED9FCF-876D-4D43-97C3-5FC4A8E64F6F}.Release|x86.ActiveCfg = Release|Win32
		{FCED9FCF-876D-4D43-97C3-5FC4A8E64F6F}.Release|x86.Build.0 = Release|Win32
	EndGlobalSection
	GlobalSection(SolutionProperties) = preSolution
		HideSolutionNode = FALSE
	EndGlobalSection
	GlobalSection(ExtensibilityGlobals) = postSolution
		SolutionGuid = {5CE994DB-12C0-41DF-87A8-EBB3DA379D91}
	EndGlobalSection
EndGlobal
