
Microsoft Visual Studio Solution File, Format Version 12.00
# Visual Studio Version 16
VisualStudioVersion = 16.0.32802.440
MinimumVisualStudioVersion = 10.0.40219.1
Project("{8BC9CEB8-8B4A-11D0-8D11-00A0C91BC942}") = "Process", "Process\Process.vcxproj", "{EE2E04B0-7CD3-47FD-ABD5-E917E376433B}"
EndProject
Project("{8BC9CEB8-8B4A-11D0-8D11-00A0C91BC942}") = "Handle", "Handle\Handle.vcxproj", "{AE620239-0FB0-4EC0-A681-3444FA9B24CD}"
EndProject
Project("{8BC9CEB8-8B4A-11D0-8D11-00A0C91BC942}") = "Hook", "Hook\Hook.vcxproj", "{2237D7E4-E7A7-4862-AF92-3E1391227B2F}"
EndProject
Project("{8BC9CEB8-8B4A-11D0-8D11-00A0C91BC942}") = "Inject", "Inject\Inject.vcxproj", "{FE27B9BA-FF11-4FCB-BF4E-CC44E5DF1A4E}"
EndProject
Project("{8BC9CEB8-8B4A-11D0-8D11-00A0C91BC942}") = "PE", "PE\PE.vcxproj", "{B5E7558A-B30E-44AE-A73E-6D8830F0D2A5}"
EndProject
Project("{8BC9CEB8-8B4A-11D0-8D11-00A0C91BC942}") = "File", "File\File.vcxproj", "{D82283CB-8068-473B-94A1-CECE3F5C9F56}"
EndProject
Project("{8BC9CEB8-8B4A-11D0-8D11-00A0C91BC942}") = "SignatureCode", "SignatureCode\SignatureCode.vcxproj", "{EDCF8734-FBA1-4381-ADD0-0369716F252B}"
EndProject
Project("{8BC9CEB8-8B4A-11D0-8D11-00A0C91BC942}") = "wow64ext", "wow64ext\wow64ext.vcxproj", "{E21F7EC4-0D28-4A1A-9D3A-A579C261A444}"
EndProject
Project("{8BC9CEB8-8B4A-11D0-8D11-00A0C91BC942}") = "Thread", "Thread\Thread.vcxproj", "{EDAED3AC-A77C-4513-B9B6-8B0F0DD23C65}"
EndProject
Project("{8BC9CEB8-8B4A-11D0-8D11-00A0C91BC942}") = "Module", "Module\Module.vcxproj", "{D61546E6-6EB4-47FB-8DE7-8A887BC83ABD}"
EndProject
Project("{8BC9CEB8-8B4A-11D0-8D11-00A0C91BC942}") = "Pipe", "Pipe\Pipe.vcxproj", "{A30E7C8D-0687-457C-97DA-74FF1FC7AF3F}"
EndProject
Global
	GlobalSection(SolutionConfigurationPlatforms) = preSolution
		Debug|x64 = Debug|x64
		Debug|x86 = Debug|x86
		Release|x64 = Release|x64
		Release|x86 = Release|x86
	EndGlobalSection
	GlobalSection(ProjectConfigurationPlatforms) = postSolution
		{EE2E04B0-7CD3-47FD-ABD5-E917E376433B}.Debug|x64.ActiveCfg = Debug|x64
		{EE2E04B0-7CD3-47FD-ABD5-E917E376433B}.Debug|x64.Build.0 = Debug|x64
		{EE2E04B0-7CD3-47FD-ABD5-E917E376433B}.Debug|x86.ActiveCfg = Debug|Win32
		{EE2E04B0-7CD3-47FD-ABD5-E917E376433B}.Debug|x86.Build.0 = Debug|Win32
		{EE2E04B0-7CD3-47FD-ABD5-E917E376433B}.Release|x64.ActiveCfg = Release|x64
		{EE2E04B0-7CD3-47FD-ABD5-E917E376433B}.Release|x64.Build.0 = Release|x64
		{EE2E04B0-7CD3-47FD-ABD5-E917E376433B}.Release|x86.ActiveCfg = Release|Win32
		{EE2E04B0-7CD3-47FD-ABD5-E917E376433B}.Release|x86.Build.0 = Release|Win32
		{AE620239-0FB0-4EC0-A681-3444FA9B24CD}.Debug|x64.ActiveCfg = Debug|x64
		{AE620239-0FB0-4EC0-A681-3444FA9B24CD}.Debug|x64.Build.0 = Debug|x64
		{AE620239-0FB0-4EC0-A681-3444FA9B24CD}.Debug|x86.ActiveCfg = Debug|Win32
		{AE620239-0FB0-4EC0-A681-3444FA9B24CD}.Debug|x86.Build.0 = Debug|Win32
		{AE620239-0FB0-4EC0-A681-3444FA9B24CD}.Release|x64.ActiveCfg = Release|x64
		{AE620239-0FB0-4EC0-A681-3444FA9B24CD}.Release|x64.Build.0 = Release|x64
		{AE620239-0FB0-4EC0-A681-3444FA9B24CD}.Release|x86.ActiveCfg = Release|Win32
		{AE620239-0FB0-4EC0-A681-3444FA9B24CD}.Release|x86.Build.0 = Release|Win32
		{2237D7E4-E7A7-4862-AF92-3E1391227B2F}.Debug|x64.ActiveCfg = Debug|x64
		{2237D7E4-E7A7-4862-AF92-3E1391227B2F}.Debug|x64.Build.0 = Debug|x64
		{2237D7E4-E7A7-4862-AF92-3E1391227B2F}.Debug|x86.ActiveCfg = Debug|Win32
		{2237D7E4-E7A7-4862-AF92-3E1391227B2F}.Debug|x86.Build.0 = Debug|Win32
		{2237D7E4-E7A7-4862-AF92-3E1391227B2F}.Release|x64.ActiveCfg = Release|x64
		{2237D7E4-E7A7-4862-AF92-3E1391227B2F}.Release|x64.Build.0 = Release|x64
		{2237D7E4-E7A7-4862-AF92-3E1391227B2F}.Release|x86.ActiveCfg = Release|Win32
		{2237D7E4-E7A7-4862-AF92-3E1391227B2F}.Release|x86.Build.0 = Release|Win32
		{FE27B9BA-FF11-4FCB-BF4E-CC44E5DF1A4E}.Debug|x64.ActiveCfg = Debug|x64
		{FE27B9BA-FF11-4FCB-BF4E-CC44E5DF1A4E}.Debug|x64.Build.0 = Debug|x64
		{FE27B9BA-FF11-4FCB-BF4E-CC44E5DF1A4E}.Debug|x86.ActiveCfg = Debug|Win32
		{FE27B9BA-FF11-4FCB-BF4E-CC44E5DF1A4E}.Debug|x86.Build.0 = Debug|Win32
		{FE27B9BA-FF11-4FCB-BF4E-CC44E5DF1A4E}.Release|x64.ActiveCfg = Release|x64
		{FE27B9BA-FF11-4FCB-BF4E-CC44E5DF1A4E}.Release|x64.Build.0 = Release|x64
		{FE27B9BA-FF11-4FCB-BF4E-CC44E5DF1A4E}.Release|x86.ActiveCfg = Release|Win32
		{FE27B9BA-FF11-4FCB-BF4E-CC44E5DF1A4E}.Release|x86.Build.0 = Release|Win32
		{B5E7558A-B30E-44AE-A73E-6D8830F0D2A5}.Debug|x64.ActiveCfg = Debug|x64
		{B5E7558A-B30E-44AE-A73E-6D8830F0D2A5}.Debug|x64.Build.0 = Debug|x64
		{B5E7558A-B30E-44AE-A73E-6D8830F0D2A5}.Debug|x86.ActiveCfg = Debug|Win32
		{B5E7558A-B30E-44AE-A73E-6D8830F0D2A5}.Debug|x86.Build.0 = Debug|Win32
		{B5E7558A-B30E-44AE-A73E-6D8830F0D2A5}.Release|x64.ActiveCfg = Release|x64
		{B5E7558A-B30E-44AE-A73E-6D8830F0D2A5}.Release|x64.Build.0 = Release|x64
		{B5E7558A-B30E-44AE-A73E-6D8830F0D2A5}.Release|x86.ActiveCfg = Release|Win32
		{B5E7558A-B30E-44AE-A73E-6D8830F0D2A5}.Release|x86.Build.0 = Release|Win32
		{D82283CB-8068-473B-94A1-CECE3F5C9F56}.Debug|x64.ActiveCfg = Debug|x64
		{D82283CB-8068-473B-94A1-CECE3F5C9F56}.Debug|x64.Build.0 = Debug|x64
		{D82283CB-8068-473B-94A1-CECE3F5C9F56}.Debug|x86.ActiveCfg = Debug|Win32
		{D82283CB-8068-473B-94A1-CECE3F5C9F56}.Debug|x86.Build.0 = Debug|Win32
		{D82283CB-8068-473B-94A1-CECE3F5C9F56}.Release|x64.ActiveCfg = Release|x64
		{D82283CB-8068-473B-94A1-CECE3F5C9F56}.Release|x64.Build.0 = Release|x64
		{D82283CB-8068-473B-94A1-CECE3F5C9F56}.Release|x86.ActiveCfg = Release|Win32
		{D82283CB-8068-473B-94A1-CECE3F5C9F56}.Release|x86.Build.0 = Release|Win32
		{EDCF8734-FBA1-4381-ADD0-0369716F252B}.Debug|x64.ActiveCfg = Debug|x64
		{EDCF8734-FBA1-4381-ADD0-0369716F252B}.Debug|x64.Build.0 = Debug|x64
		{EDCF8734-FBA1-4381-ADD0-0369716F252B}.Debug|x86.ActiveCfg = Debug|Win32
		{EDCF8734-FBA1-4381-ADD0-0369716F252B}.Debug|x86.Build.0 = Debug|Win32
		{EDCF8734-FBA1-4381-ADD0-0369716F252B}.Release|x64.ActiveCfg = Release|x64
		{EDCF8734-FBA1-4381-ADD0-0369716F252B}.Release|x64.Build.0 = Release|x64
		{EDCF8734-FBA1-4381-ADD0-0369716F252B}.Release|x86.ActiveCfg = Release|Win32
		{EDCF8734-FBA1-4381-ADD0-0369716F252B}.Release|x86.Build.0 = Release|Win32
		{E21F7EC4-0D28-4A1A-9D3A-A579C261A444}.Debug|x64.ActiveCfg = Debug|x64
		{E21F7EC4-0D28-4A1A-9D3A-A579C261A444}.Debug|x64.Build.0 = Debug|x64
		{E21F7EC4-0D28-4A1A-9D3A-A579C261A444}.Debug|x86.ActiveCfg = Debug|Win32
		{E21F7EC4-0D28-4A1A-9D3A-A579C261A444}.Debug|x86.Build.0 = Debug|Win32
		{E21F7EC4-0D28-4A1A-9D3A-A579C261A444}.Release|x64.ActiveCfg = Release|x64
		{E21F7EC4-0D28-4A1A-9D3A-A579C261A444}.Release|x64.Build.0 = Release|x64
		{E21F7EC4-0D28-4A1A-9D3A-A579C261A444}.Release|x86.ActiveCfg = Release|Win32
		{E21F7EC4-0D28-4A1A-9D3A-A579C261A444}.Release|x86.Build.0 = Release|Win32
		{EDAED3AC-A77C-4513-B9B6-8B0F0DD23C65}.Debug|x64.ActiveCfg = Debug|x64
		{EDAED3AC-A77C-4513-B9B6-8B0F0DD23C65}.Debug|x64.Build.0 = Debug|x64
		{EDAED3AC-A77C-4513-B9B6-8B0F0DD23C65}.Debug|x86.ActiveCfg = Debug|Win32
		{EDAED3AC-A77C-4513-B9B6-8B0F0DD23C65}.Debug|x86.Build.0 = Debug|Win32
		{EDAED3AC-A77C-4513-B9B6-8B0F0DD23C65}.Release|x64.ActiveCfg = Release|x64
		{EDAED3AC-A77C-4513-B9B6-8B0F0DD23C65}.Release|x64.Build.0 = Release|x64
		{EDAED3AC-A77C-4513-B9B6-8B0F0DD23C65}.Release|x86.ActiveCfg = Release|Win32
		{EDAED3AC-A77C-4513-B9B6-8B0F0DD23C65}.Release|x86.Build.0 = Release|Win32
		{D61546E6-6EB4-47FB-8DE7-8A887BC83ABD}.Debug|x64.ActiveCfg = Debug|x64
		{D61546E6-6EB4-47FB-8DE7-8A887BC83ABD}.Debug|x64.Build.0 = Debug|x64
		{D61546E6-6EB4-47FB-8DE7-8A887BC83ABD}.Debug|x86.ActiveCfg = Debug|Win32
		{D61546E6-6EB4-47FB-8DE7-8A887BC83ABD}.Debug|x86.Build.0 = Debug|Win32
		{D61546E6-6EB4-47FB-8DE7-8A887BC83ABD}.Release|x64.ActiveCfg = Release|x64
		{D61546E6-6EB4-47FB-8DE7-8A887BC83ABD}.Release|x64.Build.0 = Release|x64
		{D61546E6-6EB4-47FB-8DE7-8A887BC83ABD}.Release|x86.ActiveCfg = Release|Win32
		{D61546E6-6EB4-47FB-8DE7-8A887BC83ABD}.Release|x86.Build.0 = Release|Win32
		{A30E7C8D-0687-457C-97DA-74FF1FC7AF3F}.Debug|x64.ActiveCfg = Debug|x64
		{A30E7C8D-0687-457C-97DA-74FF1FC7AF3F}.Debug|x64.Build.0 = Debug|x64
		{A30E7C8D-0687-457C-97DA-74FF1FC7AF3F}.Debug|x86.ActiveCfg = Debug|Win32
		{A30E7C8D-0687-457C-97DA-74FF1FC7AF3F}.Debug|x86.Build.0 = Debug|Win32
		{A30E7C8D-0687-457C-97DA-74FF1FC7AF3F}.Release|x64.ActiveCfg = Release|x64
		{A30E7C8D-0687-457C-97DA-74FF1FC7AF3F}.Release|x64.Build.0 = Release|x64
		{A30E7C8D-0687-457C-97DA-74FF1FC7AF3F}.Release|x86.ActiveCfg = Release|Win32
		{A30E7C8D-0687-457C-97DA-74FF1FC7AF3F}.Release|x86.Build.0 = Release|Win32
	EndGlobalSection
	GlobalSection(SolutionProperties) = preSolution
		HideSolutionNode = FALSE
	EndGlobalSection
	GlobalSection(ExtensibilityGlobals) = postSolution
		SolutionGuid = {5CE994DB-12C0-41DF-87A8-EBB3DA379D91}
	EndGlobalSection
EndGlobal
